
Microsoft Visual Studio Solution File, Format Version 12.00
# Visual Studio Version 17
VisualStudioVersion = 17.7.34221.43
MinimumVisualStudioVersion = 10.0.40219.1
Project("{FAE04EC0-301F-11D3-BF4B-00C04F79EFBC}") = "ConApp_Assignment_15", "ConApp_Assignment_15\ConApp_Assignment_15.csproj", "{BFA0CFDE-680E-4B18-A47A-33D4890D754E}"
EndProject
Global
	GlobalSection(SolutionConfigurationPlatforms) = preSolution
		Debug|Any CPU = Debug|Any CPU
		Release|Any CPU = Release|Any CPU
	EndGlobalSection
	GlobalSection(ProjectConfigurationPlatforms) = postSolution
		{BFA0CFDE-680E-4B18-A47A-33D4890D754E}.Debug|Any CPU.ActiveCfg = Debug|Any CPU
		{BFA0CFDE-680E-4B18-A47A-33D4890D754E}.Debug|Any CPU.Build.0 = Debug|Any CPU
		{BFA0CFDE-680E-4B18-A47A-33D4890D754E}.Release|Any CPU.ActiveCfg = Release|Any CPU
		{BFA0CFDE-680E-4B18-A47A-33D4890D754E}.Release|Any CPU.Build.0 = Release|Any CPU
	EndGlobalSection
	GlobalSection(SolutionProperties) = preSolution
		HideSolutionNode = FALSE
	EndGlobalSection
	GlobalSection(ExtensibilityGlobals) = postSolution
		SolutionGuid = {2CC6BB08-2C81-4E41-920A-E39E0DB425B4}
	EndGlobalSection
EndGlobal
